// !$*UTF8*$!
{
	archiveVersion = 1;
	classes = {
	};
	objectVersion = 56;
	objects = {

/* Begin PBXBuildFile section */
		AB288F1029DC2FE200AB92B0 /* UIStates.swift in Sources */ = {isa = PBXBuildFile; fileRef = AB288F0F29DC2FE200AB92B0 /* UIStates.swift */; };
		AB288F1329DC48A200AB92B0 /* AttractionDetail.swift in Sources */ = {isa = PBXBuildFile; fileRef = AB288F1229DC48A200AB92B0 /* AttractionDetail.swift */; };
		AB288F1529DC48DD00AB92B0 /* PlaceSearch.swift in Sources */ = {isa = PBXBuildFile; fileRef = AB288F1429DC48DD00AB92B0 /* PlaceSearch.swift */; };
		AB288F1729DC491C00AB92B0 /* AccommodationDetail.swift in Sources */ = {isa = PBXBuildFile; fileRef = AB288F1629DC491C00AB92B0 /* AccommodationDetail.swift */; };
		AB288F1929DC4B0D00AB92B0 /* AccommodationDetailModel.swift in Sources */ = {isa = PBXBuildFile; fileRef = AB288F1829DC4B0D00AB92B0 /* AccommodationDetailModel.swift */; };
		AB288F1B29DC4CFD00AB92B0 /* SHA.swift in Sources */ = {isa = PBXBuildFile; fileRef = AB288F1A29DC4CFD00AB92B0 /* SHA.swift */; };
		AB288F1D29DC4E2200AB92B0 /* PlaceInformation.swift in Sources */ = {isa = PBXBuildFile; fileRef = AB288F1C29DC4E2200AB92B0 /* PlaceInformation.swift */; };
		AB288F1F29DC4E5200AB92B0 /* Location.swift in Sources */ = {isa = PBXBuildFile; fileRef = AB288F1E29DC4E5200AB92B0 /* Location.swift */; };
		AB288F2129DC506300AB92B0 /* RestaurantDetailModel.swift in Sources */ = {isa = PBXBuildFile; fileRef = AB288F2029DC506300AB92B0 /* RestaurantDetailModel.swift */; };
		AB288F2329DC587500AB92B0 /* Accommodation.swift in Sources */ = {isa = PBXBuildFile; fileRef = AB288F2229DC587500AB92B0 /* Accommodation.swift */; };
		AB288F2529DC5C6500AB92B0 /* RestaurantInfo.swift in Sources */ = {isa = PBXBuildFile; fileRef = AB288F2429DC5C6500AB92B0 /* RestaurantInfo.swift */; };
		AB288F2729DC5CDD00AB92B0 /* Contact.swift in Sources */ = {isa = PBXBuildFile; fileRef = AB288F2629DC5CDD00AB92B0 /* Contact.swift */; };
		AB288F2929DC676D00AB92B0 /* ShopDetailModel.swift in Sources */ = {isa = PBXBuildFile; fileRef = AB288F2829DC676D00AB92B0 /* ShopDetailModel.swift */; };
		AB288F2B29DC679200AB92B0 /* RestaurantDetail.swift in Sources */ = {isa = PBXBuildFile; fileRef = AB288F2A29DC679200AB92B0 /* RestaurantDetail.swift */; };
		AB288F2D29DC6B2A00AB92B0 /* ShopDetail.swift in Sources */ = {isa = PBXBuildFile; fileRef = AB288F2C29DC6B2A00AB92B0 /* ShopDetail.swift */; };
		AB288F2F29DC6BAE00AB92B0 /* GetPlaceOtherDetail.swift in Sources */ = {isa = PBXBuildFile; fileRef = AB288F2E29DC6BAE00AB92B0 /* GetPlaceOtherDetail.swift */; };
		AB288F3129DC6C8500AB92B0 /* GetPlaceOtherDetailModel.swift in Sources */ = {isa = PBXBuildFile; fileRef = AB288F3029DC6C8500AB92B0 /* GetPlaceOtherDetailModel.swift */; };
		AB288F3329DCB97F00AB92B0 /* EventListModel.swift in Sources */ = {isa = PBXBuildFile; fileRef = AB288F3229DCB97F00AB92B0 /* EventListModel.swift */; };
		AB288F3529DCC35F00AB92B0 /* RouteModel.swift in Sources */ = {isa = PBXBuildFile; fileRef = AB288F3429DCC35F00AB92B0 /* RouteModel.swift */; };
		AB288F3729DD47EF00AB92B0 /* SHASearchModel.swift in Sources */ = {isa = PBXBuildFile; fileRef = AB288F3629DD47EF00AB92B0 /* SHASearchModel.swift */; };
		AB288F3929DD493700AB92B0 /* SHADetailModel.swift in Sources */ = {isa = PBXBuildFile; fileRef = AB288F3829DD493700AB92B0 /* SHADetailModel.swift */; };
		AB288F3E29DD735F00AB92B0 /* UIApplication.swift in Sources */ = {isa = PBXBuildFile; fileRef = AB288F3D29DD735F00AB92B0 /* UIApplication.swift */; };
		AB288F4029DD736F00AB92B0 /* Date.swift in Sources */ = {isa = PBXBuildFile; fileRef = AB288F3F29DD736F00AB92B0 /* Date.swift */; };
		AB288F4229DD737900AB92B0 /* String.swift in Sources */ = {isa = PBXBuildFile; fileRef = AB288F4129DD737900AB92B0 /* String.swift */; };
		AB288F4429DD794B00AB92B0 /* LandingPageView.swift in Sources */ = {isa = PBXBuildFile; fileRef = AB288F4329DD794B00AB92B0 /* LandingPageView.swift */; };
		AB288F4629DD7E3700AB92B0 /* TextModifier.swift in Sources */ = {isa = PBXBuildFile; fileRef = AB288F4529DD7E3700AB92B0 /* TextModifier.swift */; };
		AB288F4829DD7E5400AB92B0 /* LayoutModifier.swift in Sources */ = {isa = PBXBuildFile; fileRef = AB288F4729DD7E5400AB92B0 /* LayoutModifier.swift */; };
		AB288F4F29DD8BCA00AB92B0 /* LocalText.json in Resources */ = {isa = PBXBuildFile; fileRef = AB288F4E29DD8BCA00AB92B0 /* LocalText.json */; };
		AB288F5129DD8D6400AB92B0 /* LocalizedService.swift in Sources */ = {isa = PBXBuildFile; fileRef = AB288F5029DD8D6400AB92B0 /* LocalizedService.swift */; };
		AB288F5429DD8EAB00AB92B0 /* ApiStats.swift in Sources */ = {isa = PBXBuildFile; fileRef = AB288F5329DD8EAB00AB92B0 /* ApiStats.swift */; };
		AB288F5629DD953A00AB92B0 /* LocalizedViewModel.swift in Sources */ = {isa = PBXBuildFile; fileRef = AB288F5529DD953A00AB92B0 /* LocalizedViewModel.swift */; };
		AB288F7029DDE38200AB92B0 /* Charmonman-Regular.ttf in Resources */ = {isa = PBXBuildFile; fileRef = AB288F6E29DDE38200AB92B0 /* Charmonman-Regular.ttf */; };
		AB288F7129DDE38200AB92B0 /* Charmonman-Bold.ttf in Resources */ = {isa = PBXBuildFile; fileRef = AB288F6F29DDE38200AB92B0 /* Charmonman-Bold.ttf */; };
		AB288F8229DDE3C000AB92B0 /* NotoSerifThai-SemiBold.ttf in Resources */ = {isa = PBXBuildFile; fileRef = AB288F7A29DDE3BF00AB92B0 /* NotoSerifThai-SemiBold.ttf */; };
		AB288F8329DDE3C000AB92B0 /* NotoSerifThai-ExtraBold.ttf in Resources */ = {isa = PBXBuildFile; fileRef = AB288F7B29DDE3BF00AB92B0 /* NotoSerifThai-ExtraBold.ttf */; };
		AB288F8429DDE3C000AB92B0 /* NotoSerifThai-Light.ttf in Resources */ = {isa = PBXBuildFile; fileRef = AB288F7C29DDE3BF00AB92B0 /* NotoSerifThai-Light.ttf */; };
		AB288F8529DDE3C000AB92B0 /* NotoSerifThai-Medium.ttf in Resources */ = {isa = PBXBuildFile; fileRef = AB288F7D29DDE3BF00AB92B0 /* NotoSerifThai-Medium.ttf */; };
		AB288F8629DDE3C000AB92B0 /* NotoSerifThai-Regular.ttf in Resources */ = {isa = PBXBuildFile; fileRef = AB288F7E29DDE3BF00AB92B0 /* NotoSerifThai-Regular.ttf */; };
		AB288F8729DDE3C000AB92B0 /* NotoSerifThai-Thin.ttf in Resources */ = {isa = PBXBuildFile; fileRef = AB288F7F29DDE3BF00AB92B0 /* NotoSerifThai-Thin.ttf */; };
		AB288F8829DDE3C000AB92B0 /* NotoSerifThai-Bold.ttf in Resources */ = {isa = PBXBuildFile; fileRef = AB288F8029DDE3BF00AB92B0 /* NotoSerifThai-Bold.ttf */; };
		AB288F8929DDE3C000AB92B0 /* NotoSerifThai-ExtraLight.ttf in Resources */ = {isa = PBXBuildFile; fileRef = AB288F8129DDE3C000AB92B0 /* NotoSerifThai-ExtraLight.ttf */; };
		AB288F8B29DDEB8500AB92B0 /* CircleButtonAnimationView.swift in Sources */ = {isa = PBXBuildFile; fileRef = AB288F8A29DDEB8500AB92B0 /* CircleButtonAnimationView.swift */; };
		AB288F8D29DDEBFF00AB92B0 /* CircleButtonView.swift in Sources */ = {isa = PBXBuildFile; fileRef = AB288F8C29DDEBFF00AB92B0 /* CircleButtonView.swift */; };
		AB288F8F29DDEDC700AB92B0 /* SwipeGestureModifier.swift in Sources */ = {isa = PBXBuildFile; fileRef = AB288F8E29DDEDC700AB92B0 /* SwipeGestureModifier.swift */; };
		AB288F9329DE038F00AB92B0 /* PlaceTypeModel.swift in Sources */ = {isa = PBXBuildFile; fileRef = AB288F9229DE038E00AB92B0 /* PlaceTypeModel.swift */; };
		AB288F9529DEA4D900AB92B0 /* VStackButtonActionView.swift in Sources */ = {isa = PBXBuildFile; fileRef = AB288F9429DEA4D900AB92B0 /* VStackButtonActionView.swift */; };
		AB288F9729DEAFA700AB92B0 /* LandingPageViewModel.swift in Sources */ = {isa = PBXBuildFile; fileRef = AB288F9629DEAFA700AB92B0 /* LandingPageViewModel.swift */; };
		AB288F9929DEB3CC00AB92B0 /* TempView.swift in Sources */ = {isa = PBXBuildFile; fileRef = AB288F9829DEB3CC00AB92B0 /* TempView.swift */; };
		AB288F9B29DF23BF00AB92B0 /* SHATypeModel.swift in Sources */ = {isa = PBXBuildFile; fileRef = AB288F9A29DF23BF00AB92B0 /* SHATypeModel.swift */; };
		AB288F9F29DF36FE00AB92B0 /* AttractionDetailView.swift in Sources */ = {isa = PBXBuildFile; fileRef = AB288F9E29DF36FE00AB92B0 /* AttractionDetailView.swift */; };
		ABD6D14729DAD86F0090C299 /* TATappApp.swift in Sources */ = {isa = PBXBuildFile; fileRef = ABD6D14629DAD86F0090C299 /* TATappApp.swift */; };
		ABD6D14929DAD86F0090C299 /* ContentView.swift in Sources */ = {isa = PBXBuildFile; fileRef = ABD6D14829DAD86F0090C299 /* ContentView.swift */; };
		ABD6D14B29DAD8740090C299 /* Assets.xcassets in Resources */ = {isa = PBXBuildFile; fileRef = ABD6D14A29DAD8740090C299 /* Assets.xcassets */; };
		ABD6D14E29DAD8740090C299 /* Preview Assets.xcassets in Resources */ = {isa = PBXBuildFile; fileRef = ABD6D14D29DAD8740090C299 /* Preview Assets.xcassets */; };
		ABD6D16429DADAFE0090C299 /* NetworkingManager.swift in Sources */ = {isa = PBXBuildFile; fileRef = ABD6D16329DADAFE0090C299 /* NetworkingManager.swift */; };
		ABD6D16A29DADB9C0090C299 /* AttractionDetailModel.swift in Sources */ = {isa = PBXBuildFile; fileRef = ABD6D16629DADB9C0090C299 /* AttractionDetailModel.swift */; };
		ABD6D16B29DADB9C0090C299 /* BusinessHours.swift in Sources */ = {isa = PBXBuildFile; fileRef = ABD6D16729DADB9C0090C299 /* BusinessHours.swift */; };
		ABD6D16C29DADB9C0090C299 /* PlaceSearchModel.swift in Sources */ = {isa = PBXBuildFile; fileRef = ABD6D16829DADB9C0090C299 /* PlaceSearchModel.swift */; };
		ABD6D16E29DADCF10090C299 /* MainViewModel.swift in Sources */ = {isa = PBXBuildFile; fileRef = ABD6D16D29DADCF10090C299 /* MainViewModel.swift */; };
		ABD6D17129DADD9B0090C299 /* LocalFileManager.swift in Sources */ = {isa = PBXBuildFile; fileRef = ABD6D16F29DADD9B0090C299 /* LocalFileManager.swift */; };
		ABD6D17229DADD9B0090C299 /* HapticManager.swift in Sources */ = {isa = PBXBuildFile; fileRef = ABD6D17029DADD9B0090C299 /* HapticManager.swift */; };
		ABD6D17429DADE3E0090C299 /* Color.swift in Sources */ = {isa = PBXBuildFile; fileRef = ABD6D17329DADE3E0090C299 /* Color.swift */; };
		ABD6D17F29DAE41F0090C299 /* TATApiService.swift in Sources */ = {isa = PBXBuildFile; fileRef = ABD6D17E29DAE41F0090C299 /* TATApiService.swift */; };
		ABD6D18129DAF5BB0090C299 /* Constants.swift in Sources */ = {isa = PBXBuildFile; fileRef = ABD6D18029DAF5BB0090C299 /* Constants.swift */; };
		ABD6D18329DB17B70090C299 /* PlaceSearchCard.swift in Sources */ = {isa = PBXBuildFile; fileRef = ABD6D18229DB17B70090C299 /* PlaceSearchCard.swift */; };
		ABD6D18529DB4F350090C299 /* ImageViewModel.swift in Sources */ = {isa = PBXBuildFile; fileRef = ABD6D18429DB4F340090C299 /* ImageViewModel.swift */; };
		ABD6D18729DB56670090C299 /* ImageService.swift in Sources */ = {isa = PBXBuildFile; fileRef = ABD6D18629DB56670090C299 /* ImageService.swift */; };
		ABD6D18929DB5EB10090C299 /* DummyData.swift in Sources */ = {isa = PBXBuildFile; fileRef = ABD6D18829DB5EB10090C299 /* DummyData.swift */; };
		ABD6D18C29DB60E00090C299 /* PlaceDetailView.swift in Sources */ = {isa = PBXBuildFile; fileRef = ABD6D18B29DB60E00090C299 /* PlaceDetailView.swift */; };
		ABD6D18E29DB60FD0090C299 /* PlaceImageView.swift in Sources */ = {isa = PBXBuildFile; fileRef = ABD6D18D29DB60FD0090C299 /* PlaceImageView.swift */; };
		ABD6D19029DB612A0090C299 /* HStackButtonActionView.swift in Sources */ = {isa = PBXBuildFile; fileRef = ABD6D18F29DB612A0090C299 /* HStackButtonActionView.swift */; };
		ABD6D19229DB68A80090C299 /* PlaceHeaderView.swift in Sources */ = {isa = PBXBuildFile; fileRef = ABD6D19129DB68A70090C299 /* PlaceHeaderView.swift */; };
		ABDCB76329DFD82600083C52 /* AttractionViewModel.swift in Sources */ = {isa = PBXBuildFile; fileRef = ABDCB76229DFD82600083C52 /* AttractionViewModel.swift */; };
		ABDCB76529DFD9E700083C52 /* MenuIconButtonView.swift in Sources */ = {isa = PBXBuildFile; fileRef = ABDCB76429DFD9E600083C52 /* MenuIconButtonView.swift */; };
		ABDCB76929DFDC3100083C52 /* MainMenuView.swift in Sources */ = {isa = PBXBuildFile; fileRef = ABDCB76829DFDC3100083C52 /* MainMenuView.swift */; };
		ABDCB76B29DFE6CF00083C52 /* SwipeToGetMainMenuModifier.swift in Sources */ = {isa = PBXBuildFile; fileRef = ABDCB76A29DFE6CF00083C52 /* SwipeToGetMainMenuModifier.swift */; };
		ABDCB76D29DFED4300083C52 /* BackgroundImageView.swift in Sources */ = {isa = PBXBuildFile; fileRef = ABDCB76C29DFED4300083C52 /* BackgroundImageView.swift */; };
		ABDCB76F29E0754C00083C52 /* MapSheetView.swift in Sources */ = {isa = PBXBuildFile; fileRef = ABDCB76E29E0754C00083C52 /* MapSheetView.swift */; };
		ABDCB77129E0789700083C52 /* TopAreaIconActionView.swift in Sources */ = {isa = PBXBuildFile; fileRef = ABDCB77029E0789700083C52 /* TopAreaIconActionView.swift */; };
		ABDFEF8D29DC218D00699F5E /* GoogleService-Info.plist in Resources */ = {isa = PBXBuildFile; fileRef = ABDFEF8C29DC218D00699F5E /* GoogleService-Info.plist */; };
/* End PBXBuildFile section */

/* Begin PBXFileReference section */
		AB288F0F29DC2FE200AB92B0 /* UIStates.swift */ = {isa = PBXFileReference; lastKnownFileType = sourcecode.swift; path = UIStates.swift; sourceTree = "<group>"; };
		AB288F1229DC48A200AB92B0 /* AttractionDetail.swift */ = {isa = PBXFileReference; lastKnownFileType = sourcecode.swift; path = AttractionDetail.swift; sourceTree = "<group>"; };
		AB288F1429DC48DD00AB92B0 /* PlaceSearch.swift */ = {isa = PBXFileReference; lastKnownFileType = sourcecode.swift; path = PlaceSearch.swift; sourceTree = "<group>"; };
		AB288F1629DC491C00AB92B0 /* AccommodationDetail.swift */ = {isa = PBXFileReference; lastKnownFileType = sourcecode.swift; path = AccommodationDetail.swift; sourceTree = "<group>"; };
		AB288F1829DC4B0D00AB92B0 /* AccommodationDetailModel.swift */ = {isa = PBXFileReference; lastKnownFileType = sourcecode.swift; path = AccommodationDetailModel.swift; sourceTree = "<group>"; };
		AB288F1A29DC4CFD00AB92B0 /* SHA.swift */ = {isa = PBXFileReference; lastKnownFileType = sourcecode.swift; path = SHA.swift; sourceTree = "<group>"; };
		AB288F1C29DC4E2200AB92B0 /* PlaceInformation.swift */ = {isa = PBXFileReference; lastKnownFileType = sourcecode.swift; path = PlaceInformation.swift; sourceTree = "<group>"; };
		AB288F1E29DC4E5200AB92B0 /* Location.swift */ = {isa = PBXFileReference; lastKnownFileType = sourcecode.swift; path = Location.swift; sourceTree = "<group>"; };
		AB288F2029DC506300AB92B0 /* RestaurantDetailModel.swift */ = {isa = PBXFileReference; lastKnownFileType = sourcecode.swift; path = RestaurantDetailModel.swift; sourceTree = "<group>"; };
		AB288F2229DC587500AB92B0 /* Accommodation.swift */ = {isa = PBXFileReference; lastKnownFileType = sourcecode.swift; path = Accommodation.swift; sourceTree = "<group>"; };
		AB288F2429DC5C6500AB92B0 /* RestaurantInfo.swift */ = {isa = PBXFileReference; lastKnownFileType = sourcecode.swift; path = RestaurantInfo.swift; sourceTree = "<group>"; };
		AB288F2629DC5CDD00AB92B0 /* Contact.swift */ = {isa = PBXFileReference; lastKnownFileType = sourcecode.swift; path = Contact.swift; sourceTree = "<group>"; };
		AB288F2829DC676D00AB92B0 /* ShopDetailModel.swift */ = {isa = PBXFileReference; lastKnownFileType = sourcecode.swift; path = ShopDetailModel.swift; sourceTree = "<group>"; };
		AB288F2A29DC679200AB92B0 /* RestaurantDetail.swift */ = {isa = PBXFileReference; lastKnownFileType = sourcecode.swift; path = RestaurantDetail.swift; sourceTree = "<group>"; };
		AB288F2C29DC6B2A00AB92B0 /* ShopDetail.swift */ = {isa = PBXFileReference; lastKnownFileType = sourcecode.swift; path = ShopDetail.swift; sourceTree = "<group>"; };
		AB288F2E29DC6BAE00AB92B0 /* GetPlaceOtherDetail.swift */ = {isa = PBXFileReference; lastKnownFileType = sourcecode.swift; path = GetPlaceOtherDetail.swift; sourceTree = "<group>"; };
		AB288F3029DC6C8500AB92B0 /* GetPlaceOtherDetailModel.swift */ = {isa = PBXFileReference; lastKnownFileType = sourcecode.swift; path = GetPlaceOtherDetailModel.swift; sourceTree = "<group>"; };
		AB288F3229DCB97F00AB92B0 /* EventListModel.swift */ = {isa = PBXFileReference; lastKnownFileType = sourcecode.swift; path = EventListModel.swift; sourceTree = "<group>"; };
		AB288F3429DCC35F00AB92B0 /* RouteModel.swift */ = {isa = PBXFileReference; lastKnownFileType = sourcecode.swift; path = RouteModel.swift; sourceTree = "<group>"; };
		AB288F3629DD47EF00AB92B0 /* SHASearchModel.swift */ = {isa = PBXFileReference; lastKnownFileType = sourcecode.swift; path = SHASearchModel.swift; sourceTree = "<group>"; };
		AB288F3829DD493700AB92B0 /* SHADetailModel.swift */ = {isa = PBXFileReference; lastKnownFileType = sourcecode.swift; path = SHADetailModel.swift; sourceTree = "<group>"; };
		AB288F3D29DD735F00AB92B0 /* UIApplication.swift */ = {isa = PBXFileReference; fileEncoding = 4; lastKnownFileType = sourcecode.swift; path = UIApplication.swift; sourceTree = "<group>"; };
		AB288F3F29DD736F00AB92B0 /* Date.swift */ = {isa = PBXFileReference; fileEncoding = 4; lastKnownFileType = sourcecode.swift; path = Date.swift; sourceTree = "<group>"; };
		AB288F4129DD737900AB92B0 /* String.swift */ = {isa = PBXFileReference; fileEncoding = 4; lastKnownFileType = sourcecode.swift; path = String.swift; sourceTree = "<group>"; };
		AB288F4329DD794B00AB92B0 /* LandingPageView.swift */ = {isa = PBXFileReference; lastKnownFileType = sourcecode.swift; path = LandingPageView.swift; sourceTree = "<group>"; };
		AB288F4529DD7E3700AB92B0 /* TextModifier.swift */ = {isa = PBXFileReference; lastKnownFileType = sourcecode.swift; path = TextModifier.swift; sourceTree = "<group>"; };
		AB288F4729DD7E5400AB92B0 /* LayoutModifier.swift */ = {isa = PBXFileReference; lastKnownFileType = sourcecode.swift; path = LayoutModifier.swift; sourceTree = "<group>"; };
		AB288F4E29DD8BCA00AB92B0 /* LocalText.json */ = {isa = PBXFileReference; lastKnownFileType = text.json; path = LocalText.json; sourceTree = "<group>"; };
		AB288F5029DD8D6400AB92B0 /* LocalizedService.swift */ = {isa = PBXFileReference; lastKnownFileType = sourcecode.swift; path = LocalizedService.swift; sourceTree = "<group>"; };
		AB288F5329DD8EAB00AB92B0 /* ApiStats.swift */ = {isa = PBXFileReference; lastKnownFileType = sourcecode.swift; path = ApiStats.swift; sourceTree = "<group>"; };
		AB288F5529DD953A00AB92B0 /* LocalizedViewModel.swift */ = {isa = PBXFileReference; lastKnownFileType = sourcecode.swift; path = LocalizedViewModel.swift; sourceTree = "<group>"; };
		AB288F6129DDD5F000AB92B0 /* Info.plist */ = {isa = PBXFileReference; lastKnownFileType = text.plist; path = Info.plist; sourceTree = "<group>"; };
		AB288F6E29DDE38200AB92B0 /* Charmonman-Regular.ttf */ = {isa = PBXFileReference; lastKnownFileType = file; path = "Charmonman-Regular.ttf"; sourceTree = "<group>"; };
		AB288F6F29DDE38200AB92B0 /* Charmonman-Bold.ttf */ = {isa = PBXFileReference; lastKnownFileType = file; path = "Charmonman-Bold.ttf"; sourceTree = "<group>"; };
		AB288F7A29DDE3BF00AB92B0 /* NotoSerifThai-SemiBold.ttf */ = {isa = PBXFileReference; lastKnownFileType = file; path = "NotoSerifThai-SemiBold.ttf"; sourceTree = "<group>"; };
		AB288F7B29DDE3BF00AB92B0 /* NotoSerifThai-ExtraBold.ttf */ = {isa = PBXFileReference; lastKnownFileType = file; path = "NotoSerifThai-ExtraBold.ttf"; sourceTree = "<group>"; };
		AB288F7C29DDE3BF00AB92B0 /* NotoSerifThai-Light.ttf */ = {isa = PBXFileReference; lastKnownFileType = file; path = "NotoSerifThai-Light.ttf"; sourceTree = "<group>"; };
		AB288F7D29DDE3BF00AB92B0 /* NotoSerifThai-Medium.ttf */ = {isa = PBXFileReference; lastKnownFileType = file; path = "NotoSerifThai-Medium.ttf"; sourceTree = "<group>"; };
		AB288F7E29DDE3BF00AB92B0 /* NotoSerifThai-Regular.ttf */ = {isa = PBXFileReference; lastKnownFileType = file; path = "NotoSerifThai-Regular.ttf"; sourceTree = "<group>"; };
		AB288F7F29DDE3BF00AB92B0 /* NotoSerifThai-Thin.ttf */ = {isa = PBXFileReference; lastKnownFileType = file; path = "NotoSerifThai-Thin.ttf"; sourceTree = "<group>"; };
		AB288F8029DDE3BF00AB92B0 /* NotoSerifThai-Bold.ttf */ = {isa = PBXFileReference; lastKnownFileType = file; path = "NotoSerifThai-Bold.ttf"; sourceTree = "<group>"; };
		AB288F8129DDE3C000AB92B0 /* NotoSerifThai-ExtraLight.ttf */ = {isa = PBXFileReference; lastKnownFileType = file; path = "NotoSerifThai-ExtraLight.ttf"; sourceTree = "<group>"; };
		AB288F8A29DDEB8500AB92B0 /* CircleButtonAnimationView.swift */ = {isa = PBXFileReference; lastKnownFileType = sourcecode.swift; path = CircleButtonAnimationView.swift; sourceTree = "<group>"; };
		AB288F8C29DDEBFF00AB92B0 /* CircleButtonView.swift */ = {isa = PBXFileReference; lastKnownFileType = sourcecode.swift; path = CircleButtonView.swift; sourceTree = "<group>"; };
		AB288F8E29DDEDC700AB92B0 /* SwipeGestureModifier.swift */ = {isa = PBXFileReference; lastKnownFileType = sourcecode.swift; path = SwipeGestureModifier.swift; sourceTree = "<group>"; };
		AB288F9229DE038E00AB92B0 /* PlaceTypeModel.swift */ = {isa = PBXFileReference; lastKnownFileType = sourcecode.swift; path = PlaceTypeModel.swift; sourceTree = "<group>"; };
		AB288F9429DEA4D900AB92B0 /* VStackButtonActionView.swift */ = {isa = PBXFileReference; lastKnownFileType = sourcecode.swift; path = VStackButtonActionView.swift; sourceTree = "<group>"; };
		AB288F9629DEAFA700AB92B0 /* LandingPageViewModel.swift */ = {isa = PBXFileReference; lastKnownFileType = sourcecode.swift; path = LandingPageViewModel.swift; sourceTree = "<group>"; };
		AB288F9829DEB3CC00AB92B0 /* TempView.swift */ = {isa = PBXFileReference; lastKnownFileType = sourcecode.swift; path = TempView.swift; sourceTree = "<group>"; };
		AB288F9A29DF23BF00AB92B0 /* SHATypeModel.swift */ = {isa = PBXFileReference; lastKnownFileType = sourcecode.swift; path = SHATypeModel.swift; sourceTree = "<group>"; };
		AB288F9E29DF36FE00AB92B0 /* AttractionDetailView.swift */ = {isa = PBXFileReference; lastKnownFileType = sourcecode.swift; path = AttractionDetailView.swift; sourceTree = "<group>"; };
		ABD6D14329DAD86F0090C299 /* TATapp.app */ = {isa = PBXFileReference; explicitFileType = wrapper.application; includeInIndex = 0; path = TATapp.app; sourceTree = BUILT_PRODUCTS_DIR; };
		ABD6D14629DAD86F0090C299 /* TATappApp.swift */ = {isa = PBXFileReference; lastKnownFileType = sourcecode.swift; path = TATappApp.swift; sourceTree = "<group>"; };
		ABD6D14829DAD86F0090C299 /* ContentView.swift */ = {isa = PBXFileReference; lastKnownFileType = sourcecode.swift; path = ContentView.swift; sourceTree = "<group>"; };
		ABD6D14A29DAD8740090C299 /* Assets.xcassets */ = {isa = PBXFileReference; lastKnownFileType = folder.assetcatalog; path = Assets.xcassets; sourceTree = "<group>"; };
		ABD6D14D29DAD8740090C299 /* Preview Assets.xcassets */ = {isa = PBXFileReference; lastKnownFileType = folder.assetcatalog; path = "Preview Assets.xcassets"; sourceTree = "<group>"; };
		ABD6D16329DADAFE0090C299 /* NetworkingManager.swift */ = {isa = PBXFileReference; lastKnownFileType = sourcecode.swift; path = NetworkingManager.swift; sourceTree = "<group>"; };
		ABD6D16629DADB9C0090C299 /* AttractionDetailModel.swift */ = {isa = PBXFileReference; fileEncoding = 4; lastKnownFileType = sourcecode.swift; path = AttractionDetailModel.swift; sourceTree = "<group>"; };
		ABD6D16729DADB9C0090C299 /* BusinessHours.swift */ = {isa = PBXFileReference; fileEncoding = 4; lastKnownFileType = sourcecode.swift; path = BusinessHours.swift; sourceTree = "<group>"; };
		ABD6D16829DADB9C0090C299 /* PlaceSearchModel.swift */ = {isa = PBXFileReference; fileEncoding = 4; lastKnownFileType = sourcecode.swift; path = PlaceSearchModel.swift; sourceTree = "<group>"; };
		ABD6D16D29DADCF10090C299 /* MainViewModel.swift */ = {isa = PBXFileReference; lastKnownFileType = sourcecode.swift; path = MainViewModel.swift; sourceTree = "<group>"; };
		ABD6D16F29DADD9B0090C299 /* LocalFileManager.swift */ = {isa = PBXFileReference; fileEncoding = 4; lastKnownFileType = sourcecode.swift; path = LocalFileManager.swift; sourceTree = "<group>"; };
		ABD6D17029DADD9B0090C299 /* HapticManager.swift */ = {isa = PBXFileReference; fileEncoding = 4; lastKnownFileType = sourcecode.swift; path = HapticManager.swift; sourceTree = "<group>"; };
		ABD6D17329DADE3E0090C299 /* Color.swift */ = {isa = PBXFileReference; fileEncoding = 4; lastKnownFileType = sourcecode.swift; path = Color.swift; sourceTree = "<group>"; };
		ABD6D17E29DAE41F0090C299 /* TATApiService.swift */ = {isa = PBXFileReference; lastKnownFileType = sourcecode.swift; path = TATApiService.swift; sourceTree = "<group>"; };
		ABD6D18029DAF5BB0090C299 /* Constants.swift */ = {isa = PBXFileReference; lastKnownFileType = sourcecode.swift; path = Constants.swift; sourceTree = "<group>"; };
		ABD6D18229DB17B70090C299 /* PlaceSearchCard.swift */ = {isa = PBXFileReference; lastKnownFileType = sourcecode.swift; path = PlaceSearchCard.swift; sourceTree = "<group>"; };
		ABD6D18429DB4F340090C299 /* ImageViewModel.swift */ = {isa = PBXFileReference; lastKnownFileType = sourcecode.swift; path = ImageViewModel.swift; sourceTree = "<group>"; };
		ABD6D18629DB56670090C299 /* ImageService.swift */ = {isa = PBXFileReference; lastKnownFileType = sourcecode.swift; path = ImageService.swift; sourceTree = "<group>"; };
		ABD6D18829DB5EB10090C299 /* DummyData.swift */ = {isa = PBXFileReference; lastKnownFileType = sourcecode.swift; path = DummyData.swift; sourceTree = "<group>"; };
		ABD6D18B29DB60E00090C299 /* PlaceDetailView.swift */ = {isa = PBXFileReference; lastKnownFileType = sourcecode.swift; path = PlaceDetailView.swift; sourceTree = "<group>"; };
		ABD6D18D29DB60FD0090C299 /* PlaceImageView.swift */ = {isa = PBXFileReference; lastKnownFileType = sourcecode.swift; path = PlaceImageView.swift; sourceTree = "<group>"; };
		ABD6D18F29DB612A0090C299 /* HStackButtonActionView.swift */ = {isa = PBXFileReference; lastKnownFileType = sourcecode.swift; path = HStackButtonActionView.swift; sourceTree = "<group>"; };
		ABD6D19129DB68A70090C299 /* PlaceHeaderView.swift */ = {isa = PBXFileReference; lastKnownFileType = sourcecode.swift; path = PlaceHeaderView.swift; sourceTree = "<group>"; };
		ABDCB76229DFD82600083C52 /* AttractionViewModel.swift */ = {isa = PBXFileReference; lastKnownFileType = sourcecode.swift; path = AttractionViewModel.swift; sourceTree = "<group>"; };
		ABDCB76429DFD9E600083C52 /* MenuIconButtonView.swift */ = {isa = PBXFileReference; lastKnownFileType = sourcecode.swift; path = MenuIconButtonView.swift; sourceTree = "<group>"; };
		ABDCB76829DFDC3100083C52 /* MainMenuView.swift */ = {isa = PBXFileReference; lastKnownFileType = sourcecode.swift; path = MainMenuView.swift; sourceTree = "<group>"; };
		ABDCB76A29DFE6CF00083C52 /* SwipeToGetMainMenuModifier.swift */ = {isa = PBXFileReference; lastKnownFileType = sourcecode.swift; path = SwipeToGetMainMenuModifier.swift; sourceTree = "<group>"; };
		ABDCB76C29DFED4300083C52 /* BackgroundImageView.swift */ = {isa = PBXFileReference; lastKnownFileType = sourcecode.swift; path = BackgroundImageView.swift; sourceTree = "<group>"; };
		ABDCB76E29E0754C00083C52 /* MapSheetView.swift */ = {isa = PBXFileReference; lastKnownFileType = sourcecode.swift; path = MapSheetView.swift; sourceTree = "<group>"; };
		ABDCB77029E0789700083C52 /* TopAreaIconActionView.swift */ = {isa = PBXFileReference; lastKnownFileType = sourcecode.swift; path = TopAreaIconActionView.swift; sourceTree = "<group>"; };
		ABDFEF8C29DC218D00699F5E /* GoogleService-Info.plist */ = {isa = PBXFileReference; fileEncoding = 4; lastKnownFileType = text.plist.xml; path = "GoogleService-Info.plist"; sourceTree = "<group>"; };
/* End PBXFileReference section */

/* Begin PBXFrameworksBuildPhase section */
		ABD6D14029DAD86F0090C299 /* Frameworks */ = {
			isa = PBXFrameworksBuildPhase;
			buildActionMask = 2147483647;
			files = (
			);
			runOnlyForDeploymentPostprocessing = 0;
		};
/* End PBXFrameworksBuildPhase section */

/* Begin PBXGroup section */
		AB288F1129DC488300AB92B0 /* Dummy */ = {
			isa = PBXGroup;
			children = (
				ABD6D18829DB5EB10090C299 /* DummyData.swift */,
				AB288F1429DC48DD00AB92B0 /* PlaceSearch.swift */,
				AB288F1229DC48A200AB92B0 /* AttractionDetail.swift */,
				AB288F1629DC491C00AB92B0 /* AccommodationDetail.swift */,
				AB288F2A29DC679200AB92B0 /* RestaurantDetail.swift */,
				AB288F2C29DC6B2A00AB92B0 /* ShopDetail.swift */,
				AB288F2E29DC6BAE00AB92B0 /* GetPlaceOtherDetail.swift */,
			);
			path = Dummy;
			sourceTree = "<group>";
		};
		AB288F4D29DD8B9C00AB92B0 /* Resource */ = {
			isa = PBXGroup;
			children = (
				AB288F4E29DD8BCA00AB92B0 /* LocalText.json */,
			);
			path = Resource;
			sourceTree = "<group>";
		};
		AB288F5229DD8E6F00AB92B0 /* Constants */ = {
			isa = PBXGroup;
			children = (
				AB288F0F29DC2FE200AB92B0 /* UIStates.swift */,
				ABD6D18029DAF5BB0090C299 /* Constants.swift */,
				AB288F5329DD8EAB00AB92B0 /* ApiStats.swift */,
			);
			path = Constants;
			sourceTree = "<group>";
		};
		AB288F5729DDA72F00AB92B0 /* Shared */ = {
			isa = PBXGroup;
			children = (
				ABDCB76E29E0754C00083C52 /* MapSheetView.swift */,
				ABDCB76429DFD9E600083C52 /* MenuIconButtonView.swift */,
				ABDCB76829DFDC3100083C52 /* MainMenuView.swift */,
				ABD6D18F29DB612A0090C299 /* HStackButtonActionView.swift */,
				AB288F8A29DDEB8500AB92B0 /* CircleButtonAnimationView.swift */,
				AB288F8C29DDEBFF00AB92B0 /* CircleButtonView.swift */,
				AB288F9429DEA4D900AB92B0 /* VStackButtonActionView.swift */,
				ABDCB76C29DFED4300083C52 /* BackgroundImageView.swift */,
				ABDCB77029E0789700083C52 /* TopAreaIconActionView.swift */,
			);
			path = Shared;
			sourceTree = "<group>";
		};
		AB288F5829DDD2FE00AB92B0 /* Font */ = {
			isa = PBXGroup;
			children = (
				AB288F8029DDE3BF00AB92B0 /* NotoSerifThai-Bold.ttf */,
				AB288F7B29DDE3BF00AB92B0 /* NotoSerifThai-ExtraBold.ttf */,
				AB288F8129DDE3C000AB92B0 /* NotoSerifThai-ExtraLight.ttf */,
				AB288F7C29DDE3BF00AB92B0 /* NotoSerifThai-Light.ttf */,
				AB288F7D29DDE3BF00AB92B0 /* NotoSerifThai-Medium.ttf */,
				AB288F7E29DDE3BF00AB92B0 /* NotoSerifThai-Regular.ttf */,
				AB288F7A29DDE3BF00AB92B0 /* NotoSerifThai-SemiBold.ttf */,
				AB288F7F29DDE3BF00AB92B0 /* NotoSerifThai-Thin.ttf */,
				AB288F6F29DDE38200AB92B0 /* Charmonman-Bold.ttf */,
				AB288F6E29DDE38200AB92B0 /* Charmonman-Regular.ttf */,
			);
			path = Font;
			sourceTree = "<group>";
		};
		AB288F9C29DF240700AB92B0 /* Api */ = {
			isa = PBXGroup;
			children = (
				ABD6D16829DADB9C0090C299 /* PlaceSearchModel.swift */,
				ABD6D16629DADB9C0090C299 /* AttractionDetailModel.swift */,
				AB288F1829DC4B0D00AB92B0 /* AccommodationDetailModel.swift */,
				AB288F2029DC506300AB92B0 /* RestaurantDetailModel.swift */,
				AB288F2829DC676D00AB92B0 /* ShopDetailModel.swift */,
				AB288F3029DC6C8500AB92B0 /* GetPlaceOtherDetailModel.swift */,
				AB288F3229DCB97F00AB92B0 /* EventListModel.swift */,
				AB288F3429DCC35F00AB92B0 /* RouteModel.swift */,
				AB288F3629DD47EF00AB92B0 /* SHASearchModel.swift */,
				AB288F3829DD493700AB92B0 /* SHADetailModel.swift */,
				ABD6D17C29DAE3A60090C299 /* ShareModel */,
			);
			path = Api;
			sourceTree = "<group>";
		};
		AB288F9D29DF242800AB92B0 /* Type */ = {
			isa = PBXGroup;
			children = (
				AB288F9229DE038E00AB92B0 /* PlaceTypeModel.swift */,
				AB288F9A29DF23BF00AB92B0 /* SHATypeModel.swift */,
			);
			path = Type;
			sourceTree = "<group>";
		};
		ABD6D13A29DAD86F0090C299 = {
			isa = PBXGroup;
			children = (
				ABD6D14529DAD86F0090C299 /* TATapp */,
				ABD6D14429DAD86F0090C299 /* Products */,
			);
			sourceTree = "<group>";
		};
		ABD6D14429DAD86F0090C299 /* Products */ = {
			isa = PBXGroup;
			children = (
				ABD6D14329DAD86F0090C299 /* TATapp.app */,
			);
			name = Products;
			sourceTree = "<group>";
		};
		ABD6D14529DAD86F0090C299 /* TATapp */ = {
			isa = PBXGroup;
			children = (
				AB288F6129DDD5F000AB92B0 /* Info.plist */,
				ABD6D15429DAD8C80090C299 /* App */,
				ABD6D15529DAD8D40090C299 /* Model */,
				ABD6D15729DAD8E80090C299 /* View */,
				ABD6D15629DAD8DE0090C299 /* ViewModel */,
				ABD6D15B29DAD9550090C299 /* Logic */,
				ABD6D15829DAD9100090C299 /* Utility */,
				AB288F5829DDD2FE00AB92B0 /* Font */,
				ABDFEF8C29DC218D00699F5E /* GoogleService-Info.plist */,
				ABD6D14C29DAD8740090C299 /* Preview Content */,
			);
			path = TATapp;
			sourceTree = "<group>";
		};
		ABD6D14C29DAD8740090C299 /* Preview Content */ = {
			isa = PBXGroup;
			children = (
				ABD6D14D29DAD8740090C299 /* Preview Assets.xcassets */,
			);
			path = "Preview Content";
			sourceTree = "<group>";
		};
		ABD6D15429DAD8C80090C299 /* App */ = {
			isa = PBXGroup;
			children = (
				ABD6D14A29DAD8740090C299 /* Assets.xcassets */,
				ABD6D14629DAD86F0090C299 /* TATappApp.swift */,
			);
			path = App;
			sourceTree = "<group>";
		};
		ABD6D15529DAD8D40090C299 /* Model */ = {
			isa = PBXGroup;
			children = (
				AB288F9D29DF242800AB92B0 /* Type */,
				AB288F9C29DF240700AB92B0 /* Api */,
			);
			path = Model;
			sourceTree = "<group>";
		};
		ABD6D15629DAD8DE0090C299 /* ViewModel */ = {
			isa = PBXGroup;
			children = (
				ABDCB76129DFD7F100083C52 /* Api */,
				ABD6D16D29DADCF10090C299 /* MainViewModel.swift */,
				ABD6D18429DB4F340090C299 /* ImageViewModel.swift */,
				AB288F5529DD953A00AB92B0 /* LocalizedViewModel.swift */,
			);
			path = ViewModel;
			sourceTree = "<group>";
		};
		ABD6D15729DAD8E80090C299 /* View */ = {
			isa = PBXGroup;
			children = (
				ABDCB76629DFDB0900083C52 /* LandingPage */,
				ABDCB76729DFDB2C00083C52 /* Attraction */,
				ABD6D17529DADE7F0090C299 /* TEMP */,
				ABD6D18A29DB60C30090C299 /* Place */,
				AB288F5729DDA72F00AB92B0 /* Shared */,
				ABD6D14829DAD86F0090C299 /* ContentView.swift */,
			);
			path = View;
			sourceTree = "<group>";
		};
		ABD6D15829DAD9100090C299 /* Utility */ = {
			isa = PBXGroup;
			children = (
				AB288F5229DD8E6F00AB92B0 /* Constants */,
				AB288F4D29DD8B9C00AB92B0 /* Resource */,
				ABD6D15C29DAD9690090C299 /* Fonts */,
				ABD6D15A29DAD92D0090C299 /* Modifier */,
				ABD6D15929DAD91C0090C299 /* Extension */,
				AB288F1129DC488300AB92B0 /* Dummy */,
			);
			path = Utility;
			sourceTree = "<group>";
		};
		ABD6D15929DAD91C0090C299 /* Extension */ = {
			isa = PBXGroup;
			children = (
				AB288F3D29DD735F00AB92B0 /* UIApplication.swift */,
				ABD6D17329DADE3E0090C299 /* Color.swift */,
				AB288F3F29DD736F00AB92B0 /* Date.swift */,
				AB288F4129DD737900AB92B0 /* String.swift */,
			);
			path = Extension;
			sourceTree = "<group>";
		};
		ABD6D15A29DAD92D0090C299 /* Modifier */ = {
			isa = PBXGroup;
			children = (
				AB288F4529DD7E3700AB92B0 /* TextModifier.swift */,
				AB288F4729DD7E5400AB92B0 /* LayoutModifier.swift */,
				AB288F8E29DDEDC700AB92B0 /* SwipeGestureModifier.swift */,
				ABDCB76A29DFE6CF00083C52 /* SwipeToGetMainMenuModifier.swift */,
			);
			path = Modifier;
			sourceTree = "<group>";
		};
		ABD6D15B29DAD9550090C299 /* Logic */ = {
			isa = PBXGroup;
			children = (
				ABD6D17D29DAE4090090C299 /* Service */,
				ABD6D16229DADAE30090C299 /* Controller */,
				ABD6D16129DADADC0090C299 /* Manager */,
			);
			path = Logic;
			sourceTree = "<group>";
		};
		ABD6D15C29DAD9690090C299 /* Fonts */ = {
			isa = PBXGroup;
			children = (
			);
			path = Fonts;
			sourceTree = "<group>";
		};
		ABD6D16129DADADC0090C299 /* Manager */ = {
			isa = PBXGroup;
			children = (
				ABD6D17029DADD9B0090C299 /* HapticManager.swift */,
				ABD6D16F29DADD9B0090C299 /* LocalFileManager.swift */,
				ABD6D16329DADAFE0090C299 /* NetworkingManager.swift */,
			);
			path = Manager;
			sourceTree = "<group>";
		};
		ABD6D16229DADAE30090C299 /* Controller */ = {
			isa = PBXGroup;
			children = (
			);
			path = Controller;
			sourceTree = "<group>";
		};
		ABD6D17529DADE7F0090C299 /* TEMP */ = {
			isa = PBXGroup;
			children = (
				AB288F9829DEB3CC00AB92B0 /* TempView.swift */,
			);
			path = TEMP;
			sourceTree = "<group>";
		};
		ABD6D17C29DAE3A60090C299 /* ShareModel */ = {
			isa = PBXGroup;
			children = (
				ABD6D16729DADB9C0090C299 /* BusinessHours.swift */,
				AB288F1A29DC4CFD00AB92B0 /* SHA.swift */,
				AB288F1C29DC4E2200AB92B0 /* PlaceInformation.swift */,
				AB288F1E29DC4E5200AB92B0 /* Location.swift */,
				AB288F2229DC587500AB92B0 /* Accommodation.swift */,
				AB288F2429DC5C6500AB92B0 /* RestaurantInfo.swift */,
				AB288F2629DC5CDD00AB92B0 /* Contact.swift */,
			);
			path = ShareModel;
			sourceTree = "<group>";
		};
		ABD6D17D29DAE4090090C299 /* Service */ = {
			isa = PBXGroup;
			children = (
				ABD6D17E29DAE41F0090C299 /* TATApiService.swift */,
				ABD6D18629DB56670090C299 /* ImageService.swift */,
				AB288F5029DD8D6400AB92B0 /* LocalizedService.swift */,
			);
			path = Service;
			sourceTree = "<group>";
		};
		ABD6D18A29DB60C30090C299 /* Place */ = {
			isa = PBXGroup;
			children = (
				ABD6D18229DB17B70090C299 /* PlaceSearchCard.swift */,
				ABD6D18B29DB60E00090C299 /* PlaceDetailView.swift */,
				ABD6D18D29DB60FD0090C299 /* PlaceImageView.swift */,
				ABD6D19129DB68A70090C299 /* PlaceHeaderView.swift */,
			);
			path = Place;
			sourceTree = "<group>";
		};
		ABDCB76129DFD7F100083C52 /* Api */ = {
			isa = PBXGroup;
			children = (
			);
			path = Api;
			sourceTree = "<group>";
		};
		ABDCB76629DFDB0900083C52 /* LandingPage */ = {
			isa = PBXGroup;
			children = (
				AB288F4329DD794B00AB92B0 /* LandingPageView.swift */,
				AB288F9629DEAFA700AB92B0 /* LandingPageViewModel.swift */,
			);
			path = LandingPage;
			sourceTree = "<group>";
		};
		ABDCB76729DFDB2C00083C52 /* Attraction */ = {
			isa = PBXGroup;
			children = (
				AB288F9E29DF36FE00AB92B0 /* AttractionDetailView.swift */,
				ABDCB76229DFD82600083C52 /* AttractionViewModel.swift */,
			);
			path = Attraction;
			sourceTree = "<group>";
		};
/* End PBXGroup section */

/* Begin PBXNativeTarget section */
		ABD6D14229DAD86F0090C299 /* TATapp */ = {
			isa = PBXNativeTarget;
			buildConfigurationList = ABD6D15129DAD8740090C299 /* Build configuration list for PBXNativeTarget "TATapp" */;
			buildPhases = (
				ABD6D13F29DAD86F0090C299 /* Sources */,
				ABD6D14029DAD86F0090C299 /* Frameworks */,
				ABD6D14129DAD86F0090C299 /* Resources */,
			);
			buildRules = (
			);
			dependencies = (
			);
			name = TATapp;
			productName = TATapp;
			productReference = ABD6D14329DAD86F0090C299 /* TATapp.app */;
			productType = "com.apple.product-type.application";
		};
/* End PBXNativeTarget section */

/* Begin PBXProject section */
		ABD6D13B29DAD86F0090C299 /* Project object */ = {
			isa = PBXProject;
			attributes = {
				BuildIndependentTargetsInParallel = 1;
				LastSwiftUpdateCheck = 1420;
				LastUpgradeCheck = 1420;
				TargetAttributes = {
					ABD6D14229DAD86F0090C299 = {
						CreatedOnToolsVersion = 14.2;
					};
				};
			};
			buildConfigurationList = ABD6D13E29DAD86F0090C299 /* Build configuration list for PBXProject "TATapp" */;
			compatibilityVersion = "Xcode 14.0";
			developmentRegion = en;
			hasScannedForEncodings = 0;
			knownRegions = (
				en,
				Base,
			);
			mainGroup = ABD6D13A29DAD86F0090C299;
			productRefGroup = ABD6D14429DAD86F0090C299 /* Products */;
			projectDirPath = "";
			projectRoot = "";
			targets = (
				ABD6D14229DAD86F0090C299 /* TATapp */,
			);
		};
/* End PBXProject section */

/* Begin PBXResourcesBuildPhase section */
		ABD6D14129DAD86F0090C299 /* Resources */ = {
			isa = PBXResourcesBuildPhase;
			buildActionMask = 2147483647;
			files = (
				AB288F8329DDE3C000AB92B0 /* NotoSerifThai-ExtraBold.ttf in Resources */,
				AB288F7029DDE38200AB92B0 /* Charmonman-Regular.ttf in Resources */,
				ABD6D14E29DAD8740090C299 /* Preview Assets.xcassets in Resources */,
				ABD6D14B29DAD8740090C299 /* Assets.xcassets in Resources */,
				AB288F4F29DD8BCA00AB92B0 /* LocalText.json in Resources */,
				ABDFEF8D29DC218D00699F5E /* GoogleService-Info.plist in Resources */,
				AB288F8929DDE3C000AB92B0 /* NotoSerifThai-ExtraLight.ttf in Resources */,
				AB288F7129DDE38200AB92B0 /* Charmonman-Bold.ttf in Resources */,
				AB288F8529DDE3C000AB92B0 /* NotoSerifThai-Medium.ttf in Resources */,
				AB288F8829DDE3C000AB92B0 /* NotoSerifThai-Bold.ttf in Resources */,
				AB288F8429DDE3C000AB92B0 /* NotoSerifThai-Light.ttf in Resources */,
				AB288F8729DDE3C000AB92B0 /* NotoSerifThai-Thin.ttf in Resources */,
				AB288F8229DDE3C000AB92B0 /* NotoSerifThai-SemiBold.ttf in Resources */,
				AB288F8629DDE3C000AB92B0 /* NotoSerifThai-Regular.ttf in Resources */,
			);
			runOnlyForDeploymentPostprocessing = 0;
		};
/* End PBXResourcesBuildPhase section */

/* Begin PBXSourcesBuildPhase section */
		ABD6D13F29DAD86F0090C299 /* Sources */ = {
			isa = PBXSourcesBuildPhase;
			buildActionMask = 2147483647;
			files = (
				ABDCB76D29DFED4300083C52 /* BackgroundImageView.swift in Sources */,
				AB288F3E29DD735F00AB92B0 /* UIApplication.swift in Sources */,
				AB288F3329DCB97F00AB92B0 /* EventListModel.swift in Sources */,
				AB288F8D29DDEBFF00AB92B0 /* CircleButtonView.swift in Sources */,
				AB288F2729DC5CDD00AB92B0 /* Contact.swift in Sources */,
				AB288F8F29DDEDC700AB92B0 /* SwipeGestureModifier.swift in Sources */,
				ABD6D19029DB612A0090C299 /* HStackButtonActionView.swift in Sources */,
				ABD6D14929DAD86F0090C299 /* ContentView.swift in Sources */,
				ABDCB76529DFD9E700083C52 /* MenuIconButtonView.swift in Sources */,
				AB288F1F29DC4E5200AB92B0 /* Location.swift in Sources */,
				AB288F5629DD953A00AB92B0 /* LocalizedViewModel.swift in Sources */,
				ABD6D18129DAF5BB0090C299 /* Constants.swift in Sources */,
				AB288F2F29DC6BAE00AB92B0 /* GetPlaceOtherDetail.swift in Sources */,
				AB288F1529DC48DD00AB92B0 /* PlaceSearch.swift in Sources */,
				ABDCB76B29DFE6CF00083C52 /* SwipeToGetMainMenuModifier.swift in Sources */,
				ABD6D18329DB17B70090C299 /* PlaceSearchCard.swift in Sources */,
				AB288F8B29DDEB8500AB92B0 /* CircleButtonAnimationView.swift in Sources */,
				AB288F4629DD7E3700AB92B0 /* TextModifier.swift in Sources */,
				AB288F1B29DC4CFD00AB92B0 /* SHA.swift in Sources */,
				AB288F4829DD7E5400AB92B0 /* LayoutModifier.swift in Sources */,
				ABD6D18C29DB60E00090C299 /* PlaceDetailView.swift in Sources */,
				ABD6D16429DADAFE0090C299 /* NetworkingManager.swift in Sources */,
				AB288F2129DC506300AB92B0 /* RestaurantDetailModel.swift in Sources */,
				AB288F4029DD736F00AB92B0 /* Date.swift in Sources */,
				ABD6D18E29DB60FD0090C299 /* PlaceImageView.swift in Sources */,
				ABDCB76F29E0754C00083C52 /* MapSheetView.swift in Sources */,
				ABD6D18729DB56670090C299 /* ImageService.swift in Sources */,
				AB288F1929DC4B0D00AB92B0 /* AccommodationDetailModel.swift in Sources */,
				ABD6D16A29DADB9C0090C299 /* AttractionDetailModel.swift in Sources */,
				AB288F3129DC6C8500AB92B0 /* GetPlaceOtherDetailModel.swift in Sources */,
				AB288F2B29DC679200AB92B0 /* RestaurantDetail.swift in Sources */,
				ABD6D18929DB5EB10090C299 /* DummyData.swift in Sources */,
				AB288F4429DD794B00AB92B0 /* LandingPageView.swift in Sources */,
				AB288F2929DC676D00AB92B0 /* ShopDetailModel.swift in Sources */,
				AB288F3929DD493700AB92B0 /* SHADetailModel.swift in Sources */,
				AB288F1329DC48A200AB92B0 /* AttractionDetail.swift in Sources */,
				ABD6D17429DADE3E0090C299 /* Color.swift in Sources */,
				AB288F9329DE038F00AB92B0 /* PlaceTypeModel.swift in Sources */,
				ABD6D16C29DADB9C0090C299 /* PlaceSearchModel.swift in Sources */,
				AB288F4229DD737900AB92B0 /* String.swift in Sources */,
				AB288F3729DD47EF00AB92B0 /* SHASearchModel.swift in Sources */,
				AB288F1029DC2FE200AB92B0 /* UIStates.swift in Sources */,
				ABD6D18529DB4F350090C299 /* ImageViewModel.swift in Sources */,
				AB288F1D29DC4E2200AB92B0 /* PlaceInformation.swift in Sources */,
				AB288F2329DC587500AB92B0 /* Accommodation.swift in Sources */,
				AB288F2529DC5C6500AB92B0 /* RestaurantInfo.swift in Sources */,
				AB288F9729DEAFA700AB92B0 /* LandingPageViewModel.swift in Sources */,
				ABD6D16B29DADB9C0090C299 /* BusinessHours.swift in Sources */,
				AB288F9B29DF23BF00AB92B0 /* SHATypeModel.swift in Sources */,
				AB288F2D29DC6B2A00AB92B0 /* ShopDetail.swift in Sources */,
				AB288F5129DD8D6400AB92B0 /* LocalizedService.swift in Sources */,
				AB288F3529DCC35F00AB92B0 /* RouteModel.swift in Sources */,
				ABD6D19229DB68A80090C299 /* PlaceHeaderView.swift in Sources */,
				ABD6D17129DADD9B0090C299 /* LocalFileManager.swift in Sources */,
				ABD6D17229DADD9B0090C299 /* HapticManager.swift in Sources */,
				ABD6D14729DAD86F0090C299 /* TATappApp.swift in Sources */,
				AB288F1729DC491C00AB92B0 /* AccommodationDetail.swift in Sources */,
				AB288F9529DEA4D900AB92B0 /* VStackButtonActionView.swift in Sources */,
				AB288F9929DEB3CC00AB92B0 /* TempView.swift in Sources */,
				AB288F9F29DF36FE00AB92B0 /* AttractionDetailView.swift in Sources */,
				ABDCB77129E0789700083C52 /* TopAreaIconActionView.swift in Sources */,
				ABD6D16E29DADCF10090C299 /* MainViewModel.swift in Sources */,
				ABDCB76329DFD82600083C52 /* AttractionViewModel.swift in Sources */,
				AB288F5429DD8EAB00AB92B0 /* ApiStats.swift in Sources */,
				ABD6D17F29DAE41F0090C299 /* TATApiService.swift in Sources */,
				ABDCB76929DFDC3100083C52 /* MainMenuView.swift in Sources */,
			);
			runOnlyForDeploymentPostprocessing = 0;
		};
/* End PBXSourcesBuildPhase section */

/* Begin XCBuildConfiguration section */
		ABD6D14F29DAD8740090C299 /* Debug */ = {
			isa = XCBuildConfiguration;
			buildSettings = {
				ALWAYS_SEARCH_USER_PATHS = NO;
				CLANG_ANALYZER_NONNULL = YES;
				CLANG_ANALYZER_NUMBER_OBJECT_CONVERSION = YES_AGGRESSIVE;
				CLANG_CXX_LANGUAGE_STANDARD = "gnu++20";
				CLANG_ENABLE_MODULES = YES;
				CLANG_ENABLE_OBJC_ARC = YES;
				CLANG_ENABLE_OBJC_WEAK = YES;
				CLANG_WARN_BLOCK_CAPTURE_AUTORELEASING = YES;
				CLANG_WARN_BOOL_CONVERSION = YES;
				CLANG_WARN_COMMA = YES;
				CLANG_WARN_CONSTANT_CONVERSION = YES;
				CLANG_WARN_DEPRECATED_OBJC_IMPLEMENTATIONS = YES;
				CLANG_WARN_DIRECT_OBJC_ISA_USAGE = YES_ERROR;
				CLANG_WARN_DOCUMENTATION_COMMENTS = YES;
				CLANG_WARN_EMPTY_BODY = YES;
				CLANG_WARN_ENUM_CONVERSION = YES;
				CLANG_WARN_INFINITE_RECURSION = YES;
				CLANG_WARN_INT_CONVERSION = YES;
				CLANG_WARN_NON_LITERAL_NULL_CONVERSION = YES;
				CLANG_WARN_OBJC_IMPLICIT_RETAIN_SELF = YES;
				CLANG_WARN_OBJC_LITERAL_CONVERSION = YES;
				CLANG_WARN_OBJC_ROOT_CLASS = YES_ERROR;
				CLANG_WARN_QUOTED_INCLUDE_IN_FRAMEWORK_HEADER = YES;
				CLANG_WARN_RANGE_LOOP_ANALYSIS = YES;
				CLANG_WARN_STRICT_PROTOTYPES = YES;
				CLANG_WARN_SUSPICIOUS_MOVE = YES;
				CLANG_WARN_UNGUARDED_AVAILABILITY = YES_AGGRESSIVE;
				CLANG_WARN_UNREACHABLE_CODE = YES;
				CLANG_WARN__DUPLICATE_METHOD_MATCH = YES;
				COPY_PHASE_STRIP = NO;
				DEBUG_INFORMATION_FORMAT = dwarf;
				ENABLE_STRICT_OBJC_MSGSEND = YES;
				ENABLE_TESTABILITY = YES;
				GCC_C_LANGUAGE_STANDARD = gnu11;
				GCC_DYNAMIC_NO_PIC = NO;
				GCC_NO_COMMON_BLOCKS = YES;
				GCC_OPTIMIZATION_LEVEL = 0;
				GCC_PREPROCESSOR_DEFINITIONS = (
					"DEBUG=1",
					"$(inherited)",
				);
				GCC_WARN_64_TO_32_BIT_CONVERSION = YES;
				GCC_WARN_ABOUT_RETURN_TYPE = YES_ERROR;
				GCC_WARN_UNDECLARED_SELECTOR = YES;
				GCC_WARN_UNINITIALIZED_AUTOS = YES_AGGRESSIVE;
				GCC_WARN_UNUSED_FUNCTION = YES;
				GCC_WARN_UNUSED_VARIABLE = YES;
				IPHONEOS_DEPLOYMENT_TARGET = 16.2;
				MTL_ENABLE_DEBUG_INFO = INCLUDE_SOURCE;
				MTL_FAST_MATH = YES;
				ONLY_ACTIVE_ARCH = YES;
				SDKROOT = iphoneos;
				SWIFT_ACTIVE_COMPILATION_CONDITIONS = DEBUG;
				SWIFT_OPTIMIZATION_LEVEL = "-Onone";
			};
			name = Debug;
		};
		ABD6D15029DAD8740090C299 /* Release */ = {
			isa = XCBuildConfiguration;
			buildSettings = {
				ALWAYS_SEARCH_USER_PATHS = NO;
				CLANG_ANALYZER_NONNULL = YES;
				CLANG_ANALYZER_NUMBER_OBJECT_CONVERSION = YES_AGGRESSIVE;
				CLANG_CXX_LANGUAGE_STANDARD = "gnu++20";
				CLANG_ENABLE_MODULES = YES;
				CLANG_ENABLE_OBJC_ARC = YES;
				CLANG_ENABLE_OBJC_WEAK = YES;
				CLANG_WARN_BLOCK_CAPTURE_AUTORELEASING = YES;
				CLANG_WARN_BOOL_CONVERSION = YES;
				CLANG_WARN_COMMA = YES;
				CLANG_WARN_CONSTANT_CONVERSION = YES;
				CLANG_WARN_DEPRECATED_OBJC_IMPLEMENTATIONS = YES;
				CLANG_WARN_DIRECT_OBJC_ISA_USAGE = YES_ERROR;
				CLANG_WARN_DOCUMENTATION_COMMENTS = YES;
				CLANG_WARN_EMPTY_BODY = YES;
				CLANG_WARN_ENUM_CONVERSION = YES;
				CLANG_WARN_INFINITE_RECURSION = YES;
				CLANG_WARN_INT_CONVERSION = YES;
				CLANG_WARN_NON_LITERAL_NULL_CONVERSION = YES;
				CLANG_WARN_OBJC_IMPLICIT_RETAIN_SELF = YES;
				CLANG_WARN_OBJC_LITERAL_CONVERSION = YES;
				CLANG_WARN_OBJC_ROOT_CLASS = YES_ERROR;
				CLANG_WARN_QUOTED_INCLUDE_IN_FRAMEWORK_HEADER = YES;
				CLANG_WARN_RANGE_LOOP_ANALYSIS = YES;
				CLANG_WARN_STRICT_PROTOTYPES = YES;
				CLANG_WARN_SUSPICIOUS_MOVE = YES;
				CLANG_WARN_UNGUARDED_AVAILABILITY = YES_AGGRESSIVE;
				CLANG_WARN_UNREACHABLE_CODE = YES;
				CLANG_WARN__DUPLICATE_METHOD_MATCH = YES;
				COPY_PHASE_STRIP = NO;
				DEBUG_INFORMATION_FORMAT = "dwarf-with-dsym";
				ENABLE_NS_ASSERTIONS = NO;
				ENABLE_STRICT_OBJC_MSGSEND = YES;
				GCC_C_LANGUAGE_STANDARD = gnu11;
				GCC_NO_COMMON_BLOCKS = YES;
				GCC_WARN_64_TO_32_BIT_CONVERSION = YES;
				GCC_WARN_ABOUT_RETURN_TYPE = YES_ERROR;
				GCC_WARN_UNDECLARED_SELECTOR = YES;
				GCC_WARN_UNINITIALIZED_AUTOS = YES_AGGRESSIVE;
				GCC_WARN_UNUSED_FUNCTION = YES;
				GCC_WARN_UNUSED_VARIABLE = YES;
				IPHONEOS_DEPLOYMENT_TARGET = 16.2;
				MTL_ENABLE_DEBUG_INFO = NO;
				MTL_FAST_MATH = YES;
				SDKROOT = iphoneos;
				SWIFT_COMPILATION_MODE = wholemodule;
				SWIFT_OPTIMIZATION_LEVEL = "-O";
				VALIDATE_PRODUCT = YES;
			};
			name = Release;
		};
		ABD6D15229DAD8740090C299 /* Debug */ = {
			isa = XCBuildConfiguration;
			buildSettings = {
				ASSETCATALOG_COMPILER_APPICON_NAME = AppIcon;
				ASSETCATALOG_COMPILER_GLOBAL_ACCENT_COLOR_NAME = AccentColor;
				CODE_SIGN_STYLE = Automatic;
				CURRENT_PROJECT_VERSION = 1;
				DEVELOPMENT_ASSET_PATHS = "\"TATapp/Preview Content\"";
				DEVELOPMENT_TEAM = ZD74G4QNW2;
				ENABLE_PREVIEWS = YES;
				GENERATE_INFOPLIST_FILE = YES;
				INFOPLIST_FILE = TATapp/Info.plist;
				INFOPLIST_KEY_UIApplicationSceneManifest_Generation = YES;
				INFOPLIST_KEY_UIApplicationSupportsIndirectInputEvents = YES;
				INFOPLIST_KEY_UILaunchScreen_Generation = YES;
				INFOPLIST_KEY_UISupportedInterfaceOrientations_iPad = "UIInterfaceOrientationPortrait UIInterfaceOrientationPortraitUpsideDown UIInterfaceOrientationLandscapeLeft UIInterfaceOrientationLandscapeRight";
				INFOPLIST_KEY_UISupportedInterfaceOrientations_iPhone = "UIInterfaceOrientationPortrait UIInterfaceOrientationLandscapeLeft UIInterfaceOrientationLandscapeRight";
				IPHONEOS_DEPLOYMENT_TARGET = 15.0;
				LD_RUNPATH_SEARCH_PATHS = (
					"$(inherited)",
					"@executable_path/Frameworks",
				);
				MARKETING_VERSION = 1.0;
				PRODUCT_BUNDLE_IDENTIFIER = com.iamwgo.TATapp;
				PRODUCT_NAME = "$(TARGET_NAME)";
				SWIFT_EMIT_LOC_STRINGS = YES;
				SWIFT_VERSION = 5.0;
				TARGETED_DEVICE_FAMILY = "1,2";
			};
			name = Debug;
		};
		ABD6D15329DAD8740090C299 /* Release */ = {
			isa = XCBuildConfiguration;
			buildSettings = {
				ASSETCATALOG_COMPILER_APPICON_NAME = AppIcon;
				ASSETCATALOG_COMPILER_GLOBAL_ACCENT_COLOR_NAME = AccentColor;
				CODE_SIGN_STYLE = Automatic;
				CURRENT_PROJECT_VERSION = 1;
				DEVELOPMENT_ASSET_PATHS = "\"TATapp/Preview Content\"";
				DEVELOPMENT_TEAM = ZD74G4QNW2;
				ENABLE_PREVIEWS = YES;
				GENERATE_INFOPLIST_FILE = YES;
				INFOPLIST_FILE = TATapp/Info.plist;
				INFOPLIST_KEY_UIApplicationSceneManifest_Generation = YES;
				INFOPLIST_KEY_UIApplicationSupportsIndirectInputEvents = YES;
				INFOPLIST_KEY_UILaunchScreen_Generation = YES;
				INFOPLIST_KEY_UISupportedInterfaceOrientations_iPad = "UIInterfaceOrientationPortrait UIInterfaceOrientationPortraitUpsideDown UIInterfaceOrientationLandscapeLeft UIInterfaceOrientationLandscapeRight";
				INFOPLIST_KEY_UISupportedInterfaceOrientations_iPhone = "UIInterfaceOrientationPortrait UIInterfaceOrientationLandscapeLeft UIInterfaceOrientationLandscapeRight";
				IPHONEOS_DEPLOYMENT_TARGET = 15.0;
				LD_RUNPATH_SEARCH_PATHS = (
					"$(inherited)",
					"@executable_path/Frameworks",
				);
				MARKETING_VERSION = 1.0;
				PRODUCT_BUNDLE_IDENTIFIER = com.iamwgo.TATapp;
				PRODUCT_NAME = "$(TARGET_NAME)";
				SWIFT_EMIT_LOC_STRINGS = YES;
				SWIFT_VERSION = 5.0;
				TARGETED_DEVICE_FAMILY = "1,2";
			};
			name = Release;
		};
/* End XCBuildConfiguration section */

/* Begin XCConfigurationList section */
		ABD6D13E29DAD86F0090C299 /* Build configuration list for PBXProject "TATapp" */ = {
			isa = XCConfigurationList;
			buildConfigurations = (
				ABD6D14F29DAD8740090C299 /* Debug */,
				ABD6D15029DAD8740090C299 /* Release */,
			);
			defaultConfigurationIsVisible = 0;
			defaultConfigurationName = Release;
		};
		ABD6D15129DAD8740090C299 /* Build configuration list for PBXNativeTarget "TATapp" */ = {
			isa = XCConfigurationList;
			buildConfigurations = (
				ABD6D15229DAD8740090C299 /* Debug */,
				ABD6D15329DAD8740090C299 /* Release */,
			);
			defaultConfigurationIsVisible = 0;
			defaultConfigurationName = Release;
		};
/* End XCConfigurationList section */
	};
	rootObject = ABD6D13B29DAD86F0090C299 /* Project object */;
}
